
Microsoft Visual Studio Solution File, Format Version 12.00
# Visual Studio Version 17
VisualStudioVersion = 17.1.32421.90
MinimumVisualStudioVersion = 10.0.40219.1
Project("{FAE04EC0-301F-11D3-BF4B-00C04F79EFBC}") = "OOP8", "OOP8\OOP8.csproj", "{0BD704E7-24A7-4FE6-B1FB-DA3346281B39}"
EndProject
Global
	GlobalSection(SolutionConfigurationPlatforms) = preSolution
		Debug|Any CPU = Debug|Any CPU
		Release|Any CPU = Release|Any CPU
	EndGlobalSection
	GlobalSection(ProjectConfigurationPlatforms) = postSolution
		{0BD704E7-24A7-4FE6-B1FB-DA3346281B39}.Debug|Any CPU.ActiveCfg = Debug|Any CPU
		{0BD704E7-24A7-4FE6-B1FB-DA3346281B39}.Debug|Any CPU.Build.0 = Debug|Any CPU
		{0BD704E7-24A7-4FE6-B1FB-DA3346281B39}.Release|Any CPU.ActiveCfg = Release|Any CPU
		{0BD704E7-24A7-4FE6-B1FB-DA3346281B39}.Release|Any CPU.Build.0 = Release|Any CPU
	EndGlobalSection
	GlobalSection(SolutionProperties) = preSolution
		HideSolutionNode = FALSE
	EndGlobalSection
	GlobalSection(ExtensibilityGlobals) = postSolution
		SolutionGuid = {98BE5245-00AC-4763-98EC-C68F7FEA2B24}
	EndGlobalSection
EndGlobal
